// !$*UTF8*$!
{
	archiveVersion = 1;
	classes = {
	};
	objectVersion = 50;
	objects = {

/* Begin PBXBuildFile section */
		E3043FD7225E1875005AAF6C /* SetCollectionViewCell.m in Sources */ = {isa = PBXBuildFile; fileRef = E3043FD6225E1875005AAF6C /* SetCollectionViewCell.m */; };
		E3043FDA225E291A005AAF6C /* SetPicViewController.m in Sources */ = {isa = PBXBuildFile; fileRef = E3043FD9225E291A005AAF6C /* SetPicViewController.m */; };
		E312B02A226DF1E800AE020F /* NotificationCell.m in Sources */ = {isa = PBXBuildFile; fileRef = E312B029226DF1E800AE020F /* NotificationCell.m */; };
		E312B030226DFEF900AE020F /* NotificationCell2.m in Sources */ = {isa = PBXBuildFile; fileRef = E312B02F226DFEF900AE020F /* NotificationCell2.m */; };
		E312B033226DFF4500AE020F /* NotificationCell3.m in Sources */ = {isa = PBXBuildFile; fileRef = E312B032226DFF4500AE020F /* NotificationCell3.m */; };
		E31C74EE225CF0190018F0E3 /* AppDelegate.m in Sources */ = {isa = PBXBuildFile; fileRef = E31C74ED225CF0190018F0E3 /* AppDelegate.m */; };
		E31C74F1225CF01A0018F0E3 /* ViewController.m in Sources */ = {isa = PBXBuildFile; fileRef = E31C74F0225CF01A0018F0E3 /* ViewController.m */; };
		E31C74F4225CF01A0018F0E3 /* Main.storyboard in Resources */ = {isa = PBXBuildFile; fileRef = E31C74F2225CF01A0018F0E3 /* Main.storyboard */; };
		E31C74F6225CF01B0018F0E3 /* Assets.xcassets in Resources */ = {isa = PBXBuildFile; fileRef = E31C74F5225CF01B0018F0E3 /* Assets.xcassets */; };
		E31C74F9225CF01B0018F0E3 /* LaunchScreen.storyboard in Resources */ = {isa = PBXBuildFile; fileRef = E31C74F7225CF01B0018F0E3 /* LaunchScreen.storyboard */; };
		E31C74FC225CF01B0018F0E3 /* main.m in Sources */ = {isa = PBXBuildFile; fileRef = E31C74FB225CF01B0018F0E3 /* main.m */; };
		E31C7504225CF0320018F0E3 /* SetViewController.m in Sources */ = {isa = PBXBuildFile; fileRef = E31C7503225CF0320018F0E3 /* SetViewController.m */; };
		E31C7507225CF0F70018F0E3 /* ButtonCollectionViewCell.m in Sources */ = {isa = PBXBuildFile; fileRef = E31C7506225CF0F70018F0E3 /* ButtonCollectionViewCell.m */; };
		E31C7509225CF1220018F0E3 /* ico in Resources */ = {isa = PBXBuildFile; fileRef = E31C7508225CF1220018F0E3 /* ico */; };
		E351D321226373AC000C283B /* CustomButtonCollectionViewCell.m in Sources */ = {isa = PBXBuildFile; fileRef = E351D320226373AC000C283B /* CustomButtonCollectionViewCell.m */; };
		E39213D12273406300CF6687 /* StyleCell.m in Sources */ = {isa = PBXBuildFile; fileRef = E39213D02273406300CF6687 /* StyleCell.m */; };
		E39FAB202260CC6F007EE26A /* SelectPicViewController.m in Sources */ = {isa = PBXBuildFile; fileRef = E39FAB1F2260CC6F007EE26A /* SelectPicViewController.m */; };
		E3AA58D1229A43C3007F80A5 /* ico in Frameworks */ = {isa = PBXBuildFile; fileRef = E31C7508225CF1220018F0E3 /* ico */; };
		E3B8D9D2226B2400008519D4 /* PanelsViewController.m in Sources */ = {isa = PBXBuildFile; fileRef = E3B8D9D1226B2400008519D4 /* PanelsViewController.m */; };
		E3B8D9D5226B2426008519D4 /* DeviceManagementViewController.m in Sources */ = {isa = PBXBuildFile; fileRef = E3B8D9D4226B2426008519D4 /* DeviceManagementViewController.m */; };
		E3B8D9D8226B2433008519D4 /* AboutViewController.m in Sources */ = {isa = PBXBuildFile; fileRef = E3B8D9D7226B2433008519D4 /* AboutViewController.m */; };
		E3B8D9DB226B244E008519D4 /* SettingViewController.m in Sources */ = {isa = PBXBuildFile; fileRef = E3B8D9DA226B244E008519D4 /* SettingViewController.m */; };
		E3B8D9DE226B2BC3008519D4 /* DeviceManagementCell.m in Sources */ = {isa = PBXBuildFile; fileRef = E3B8D9DD226B2BC3008519D4 /* DeviceManagementCell.m */; };
		E3B8D9E1226B612C008519D4 /* CusNavViewController.m in Sources */ = {isa = PBXBuildFile; fileRef = E3B8D9E0226B612C008519D4 /* CusNavViewController.m */; };
		E3E741A2226635B2007BF166 /* SelectPicCell.m in Sources */ = {isa = PBXBuildFile; fileRef = E3E741A1226635B2007BF166 /* SelectPicCell.m */; };
		E3ED8944232FF43200B6D49C /* BlueToothSingleton.m in Sources */ = {isa = PBXBuildFile; fileRef = E3ED8943232FF43200B6D49C /* BlueToothSingleton.m */; };
/* End PBXBuildFile section */

/* Begin PBXFileReference section */
		E3043FD5225E1875005AAF6C /* SetCollectionViewCell.h */ = {isa = PBXFileReference; lastKnownFileType = sourcecode.c.h; path = SetCollectionViewCell.h; sourceTree = "<group>"; };
		E3043FD6225E1875005AAF6C /* SetCollectionViewCell.m */ = {isa = PBXFileReference; lastKnownFileType = sourcecode.c.objc; path = SetCollectionViewCell.m; sourceTree = "<group>"; };
		E3043FD8225E291A005AAF6C /* SetPicViewController.h */ = {isa = PBXFileReference; lastKnownFileType = sourcecode.c.h; path = SetPicViewController.h; sourceTree = "<group>"; };
		E3043FD9225E291A005AAF6C /* SetPicViewController.m */ = {isa = PBXFileReference; lastKnownFileType = sourcecode.c.objc; path = SetPicViewController.m; sourceTree = "<group>"; };
		E312B028226DF1E800AE020F /* NotificationCell.h */ = {isa = PBXFileReference; lastKnownFileType = sourcecode.c.h; path = NotificationCell.h; sourceTree = "<group>"; };
		E312B029226DF1E800AE020F /* NotificationCell.m */ = {isa = PBXFileReference; lastKnownFileType = sourcecode.c.objc; path = NotificationCell.m; sourceTree = "<group>"; };
		E312B02E226DFEF900AE020F /* NotificationCell2.h */ = {isa = PBXFileReference; lastKnownFileType = sourcecode.c.h; path = NotificationCell2.h; sourceTree = "<group>"; };
		E312B02F226DFEF900AE020F /* NotificationCell2.m */ = {isa = PBXFileReference; lastKnownFileType = sourcecode.c.objc; path = NotificationCell2.m; sourceTree = "<group>"; };
		E312B031226DFF4500AE020F /* NotificationCell3.h */ = {isa = PBXFileReference; lastKnownFileType = sourcecode.c.h; path = NotificationCell3.h; sourceTree = "<group>"; };
		E312B032226DFF4500AE020F /* NotificationCell3.m */ = {isa = PBXFileReference; lastKnownFileType = sourcecode.c.objc; path = NotificationCell3.m; sourceTree = "<group>"; };
		E31C74E9225CF0190018F0E3 /* test2.app */ = {isa = PBXFileReference; explicitFileType = wrapper.application; includeInIndex = 0; path = test2.app; sourceTree = BUILT_PRODUCTS_DIR; };
		E31C74EC225CF0190018F0E3 /* AppDelegate.h */ = {isa = PBXFileReference; lastKnownFileType = sourcecode.c.h; path = AppDelegate.h; sourceTree = "<group>"; };
		E31C74ED225CF0190018F0E3 /* AppDelegate.m */ = {isa = PBXFileReference; lastKnownFileType = sourcecode.c.objc; path = AppDelegate.m; sourceTree = "<group>"; };
		E31C74EF225CF01A0018F0E3 /* ViewController.h */ = {isa = PBXFileReference; lastKnownFileType = sourcecode.c.h; path = ViewController.h; sourceTree = "<group>"; };
		E31C74F0225CF01A0018F0E3 /* ViewController.m */ = {isa = PBXFileReference; lastKnownFileType = sourcecode.c.objc; path = ViewController.m; sourceTree = "<group>"; };
		E31C74F3225CF01A0018F0E3 /* Base */ = {isa = PBXFileReference; lastKnownFileType = file.storyboard; name = Base; path = Base.lproj/Main.storyboard; sourceTree = "<group>"; };
		E31C74F5225CF01B0018F0E3 /* Assets.xcassets */ = {isa = PBXFileReference; lastKnownFileType = folder.assetcatalog; path = Assets.xcassets; sourceTree = "<group>"; };
		E31C74F8225CF01B0018F0E3 /* Base */ = {isa = PBXFileReference; lastKnownFileType = file.storyboard; name = Base; path = Base.lproj/LaunchScreen.storyboard; sourceTree = "<group>"; };
		E31C74FA225CF01B0018F0E3 /* Info.plist */ = {isa = PBXFileReference; lastKnownFileType = text.plist.xml; path = Info.plist; sourceTree = "<group>"; };
		E31C74FB225CF01B0018F0E3 /* main.m */ = {isa = PBXFileReference; lastKnownFileType = sourcecode.c.objc; path = main.m; sourceTree = "<group>"; };
		E31C7502225CF0320018F0E3 /* SetViewController.h */ = {isa = PBXFileReference; lastKnownFileType = sourcecode.c.h; path = SetViewController.h; sourceTree = "<group>"; };
		E31C7503225CF0320018F0E3 /* SetViewController.m */ = {isa = PBXFileReference; lastKnownFileType = sourcecode.c.objc; path = SetViewController.m; sourceTree = "<group>"; };
		E31C7505225CF0F70018F0E3 /* ButtonCollectionViewCell.h */ = {isa = PBXFileReference; fileEncoding = 4; lastKnownFileType = sourcecode.c.h; path = ButtonCollectionViewCell.h; sourceTree = "<group>"; };
		E31C7506225CF0F70018F0E3 /* ButtonCollectionViewCell.m */ = {isa = PBXFileReference; fileEncoding = 4; lastKnownFileType = sourcecode.c.objc; path = ButtonCollectionViewCell.m; sourceTree = "<group>"; };
		E31C7508225CF1220018F0E3 /* ico */ = {isa = PBXFileReference; lastKnownFileType = folder; path = ico; sourceTree = "<group>"; };
		E351D31F226373AC000C283B /* CustomButtonCollectionViewCell.h */ = {isa = PBXFileReference; lastKnownFileType = sourcecode.c.h; path = CustomButtonCollectionViewCell.h; sourceTree = "<group>"; };
		E351D320226373AC000C283B /* CustomButtonCollectionViewCell.m */ = {isa = PBXFileReference; lastKnownFileType = sourcecode.c.objc; path = CustomButtonCollectionViewCell.m; sourceTree = "<group>"; };
		E39213CF2273406300CF6687 /* StyleCell.h */ = {isa = PBXFileReference; lastKnownFileType = sourcecode.c.h; path = StyleCell.h; sourceTree = "<group>"; };
		E39213D02273406300CF6687 /* StyleCell.m */ = {isa = PBXFileReference; lastKnownFileType = sourcecode.c.objc; path = StyleCell.m; sourceTree = "<group>"; };
		E39FAB1E2260CC6F007EE26A /* SelectPicViewController.h */ = {isa = PBXFileReference; lastKnownFileType = sourcecode.c.h; path = SelectPicViewController.h; sourceTree = "<group>"; };
		E39FAB1F2260CC6F007EE26A /* SelectPicViewController.m */ = {isa = PBXFileReference; lastKnownFileType = sourcecode.c.objc; path = SelectPicViewController.m; sourceTree = "<group>"; };
		E3B8D9D0226B2400008519D4 /* PanelsViewController.h */ = {isa = PBXFileReference; lastKnownFileType = sourcecode.c.h; path = PanelsViewController.h; sourceTree = "<group>"; };
		E3B8D9D1226B2400008519D4 /* PanelsViewController.m */ = {isa = PBXFileReference; lastKnownFileType = sourcecode.c.objc; path = PanelsViewController.m; sourceTree = "<group>"; };
		E3B8D9D3226B2426008519D4 /* DeviceManagementViewController.h */ = {isa = PBXFileReference; lastKnownFileType = sourcecode.c.h; path = DeviceManagementViewController.h; sourceTree = "<group>"; };
		E3B8D9D4226B2426008519D4 /* DeviceManagementViewController.m */ = {isa = PBXFileReference; lastKnownFileType = sourcecode.c.objc; path = DeviceManagementViewController.m; sourceTree = "<group>"; };
		E3B8D9D6226B2433008519D4 /* AboutViewController.h */ = {isa = PBXFileReference; lastKnownFileType = sourcecode.c.h; path = AboutViewController.h; sourceTree = "<group>"; };
		E3B8D9D7226B2433008519D4 /* AboutViewController.m */ = {isa = PBXFileReference; lastKnownFileType = sourcecode.c.objc; path = AboutViewController.m; sourceTree = "<group>"; };
		E3B8D9D9226B244E008519D4 /* SettingViewController.h */ = {isa = PBXFileReference; lastKnownFileType = sourcecode.c.h; path = SettingViewController.h; sourceTree = "<group>"; };
		E3B8D9DA226B244E008519D4 /* SettingViewController.m */ = {isa = PBXFileReference; lastKnownFileType = sourcecode.c.objc; path = SettingViewController.m; sourceTree = "<group>"; };
		E3B8D9DC226B2BC3008519D4 /* DeviceManagementCell.h */ = {isa = PBXFileReference; lastKnownFileType = sourcecode.c.h; path = DeviceManagementCell.h; sourceTree = "<group>"; };
		E3B8D9DD226B2BC3008519D4 /* DeviceManagementCell.m */ = {isa = PBXFileReference; lastKnownFileType = sourcecode.c.objc; path = DeviceManagementCell.m; sourceTree = "<group>"; };
		E3B8D9DF226B612C008519D4 /* CusNavViewController.h */ = {isa = PBXFileReference; lastKnownFileType = sourcecode.c.h; path = CusNavViewController.h; sourceTree = "<group>"; };
		E3B8D9E0226B612C008519D4 /* CusNavViewController.m */ = {isa = PBXFileReference; lastKnownFileType = sourcecode.c.objc; path = CusNavViewController.m; sourceTree = "<group>"; };
		E3E741A0226635B2007BF166 /* SelectPicCell.h */ = {isa = PBXFileReference; lastKnownFileType = sourcecode.c.h; path = SelectPicCell.h; sourceTree = "<group>"; };
		E3E741A1226635B2007BF166 /* SelectPicCell.m */ = {isa = PBXFileReference; lastKnownFileType = sourcecode.c.objc; path = SelectPicCell.m; sourceTree = "<group>"; };
		E3ED8942232FF43200B6D49C /* BlueToothSingleton.h */ = {isa = PBXFileReference; lastKnownFileType = sourcecode.c.h; path = BlueToothSingleton.h; sourceTree = "<group>"; };
		E3ED8943232FF43200B6D49C /* BlueToothSingleton.m */ = {isa = PBXFileReference; lastKnownFileType = sourcecode.c.objc; path = BlueToothSingleton.m; sourceTree = "<group>"; };
/* End PBXFileReference section */

/* Begin PBXFrameworksBuildPhase section */
		E31C74E6225CF0190018F0E3 /* Frameworks */ = {
			isa = PBXFrameworksBuildPhase;
			buildActionMask = 2147483647;
			files = (
				E3AA58D1229A43C3007F80A5 /* ico in Frameworks */,
			);
			runOnlyForDeploymentPostprocessing = 0;
		};
/* End PBXFrameworksBuildPhase section */

/* Begin PBXGroup section */
		E31C74E0225CF0190018F0E3 = {
			isa = PBXGroup;
			children = (
				E31C7508225CF1220018F0E3 /* ico */,
				E31C74EB225CF0190018F0E3 /* test2 */,
				E31C74EA225CF0190018F0E3 /* Products */,
				E3AA58CF229A4286007F80A5 /* Frameworks */,
			);
			sourceTree = "<group>";
		};
		E31C74EA225CF0190018F0E3 /* Products */ = {
			isa = PBXGroup;
			children = (
				E31C74E9225CF0190018F0E3 /* test2.app */,
			);
			name = Products;
			sourceTree = "<group>";
		};
		E31C74EB225CF0190018F0E3 /* test2 */ = {
			isa = PBXGroup;
			children = (
				E31C74EC225CF0190018F0E3 /* AppDelegate.h */,
				E31C74ED225CF0190018F0E3 /* AppDelegate.m */,
				E3B8D9DF226B612C008519D4 /* CusNavViewController.h */,
				E3B8D9E0226B612C008519D4 /* CusNavViewController.m */,
				E31C74EF225CF01A0018F0E3 /* ViewController.h */,
				E31C74F0225CF01A0018F0E3 /* ViewController.m */,
				E3ED8942232FF43200B6D49C /* BlueToothSingleton.h */,
				E3ED8943232FF43200B6D49C /* BlueToothSingleton.m */,
				E31C7502225CF0320018F0E3 /* SetViewController.h */,
				E31C7503225CF0320018F0E3 /* SetViewController.m */,
				E3043FD8225E291A005AAF6C /* SetPicViewController.h */,
				E3043FD9225E291A005AAF6C /* SetPicViewController.m */,
				E39FAB1E2260CC6F007EE26A /* SelectPicViewController.h */,
				E39FAB1F2260CC6F007EE26A /* SelectPicViewController.m */,
				E3B8D9D0226B2400008519D4 /* PanelsViewController.h */,
				E3B8D9D1226B2400008519D4 /* PanelsViewController.m */,
				E3B8D9D3226B2426008519D4 /* DeviceManagementViewController.h */,
				E3B8D9D4226B2426008519D4 /* DeviceManagementViewController.m */,
				E3B8D9D6226B2433008519D4 /* AboutViewController.h */,
				E3B8D9D7226B2433008519D4 /* AboutViewController.m */,
				E3B8D9D9226B244E008519D4 /* SettingViewController.h */,
				E3B8D9DA226B244E008519D4 /* SettingViewController.m */,
				E3043FD5225E1875005AAF6C /* SetCollectionViewCell.h */,
				E3043FD6225E1875005AAF6C /* SetCollectionViewCell.m */,
				E31C7505225CF0F70018F0E3 /* ButtonCollectionViewCell.h */,
				E31C7506225CF0F70018F0E3 /* ButtonCollectionViewCell.m */,
				E351D31F226373AC000C283B /* CustomButtonCollectionViewCell.h */,
				E351D320226373AC000C283B /* CustomButtonCollectionViewCell.m */,
				E3E741A0226635B2007BF166 /* SelectPicCell.h */,
				E3E741A1226635B2007BF166 /* SelectPicCell.m */,
				E3B8D9DC226B2BC3008519D4 /* DeviceManagementCell.h */,
				E3B8D9DD226B2BC3008519D4 /* DeviceManagementCell.m */,
				E312B028226DF1E800AE020F /* NotificationCell.h */,
				E312B029226DF1E800AE020F /* NotificationCell.m */,
				E312B02E226DFEF900AE020F /* NotificationCell2.h */,
				E312B02F226DFEF900AE020F /* NotificationCell2.m */,
				E312B031226DFF4500AE020F /* NotificationCell3.h */,
				E312B032226DFF4500AE020F /* NotificationCell3.m */,
				E39213CF2273406300CF6687 /* StyleCell.h */,
				E39213D02273406300CF6687 /* StyleCell.m */,
				E31C74F2225CF01A0018F0E3 /* Main.storyboard */,
				E31C74F5225CF01B0018F0E3 /* Assets.xcassets */,
				E31C74F7225CF01B0018F0E3 /* LaunchScreen.storyboard */,
				E31C74FA225CF01B0018F0E3 /* Info.plist */,
				E31C74FB225CF01B0018F0E3 /* main.m */,
			);
			path = test2;
			sourceTree = "<group>";
		};
		E3AA58CF229A4286007F80A5 /* Frameworks */ = {
			isa = PBXGroup;
			children = (
			);
			name = Frameworks;
			sourceTree = "<group>";
		};
/* End PBXGroup section */

/* Begin PBXNativeTarget section */
		E31C74E8225CF0190018F0E3 /* test2 */ = {
			isa = PBXNativeTarget;
			buildConfigurationList = E31C74FF225CF01B0018F0E3 /* Build configuration list for PBXNativeTarget "test2" */;
			buildPhases = (
				E31C74E5225CF0190018F0E3 /* Sources */,
				E31C74E6225CF0190018F0E3 /* Frameworks */,
				E31C74E7225CF0190018F0E3 /* Resources */,
			);
			buildRules = (
			);
			dependencies = (
			);
			name = test2;
			productName = test2;
			productReference = E31C74E9225CF0190018F0E3 /* test2.app */;
			productType = "com.apple.product-type.application";
		};
/* End PBXNativeTarget section */

/* Begin PBXProject section */
		E31C74E1225CF0190018F0E3 /* Project object */ = {
			isa = PBXProject;
			attributes = {
				LastUpgradeCheck = 1010;
				ORGANIZATIONNAME = "余晓聪";
				TargetAttributes = {
					E31C74E8225CF0190018F0E3 = {
						CreatedOnToolsVersion = 10.1;
					};
				};
			};
			buildConfigurationList = E31C74E4225CF0190018F0E3 /* Build configuration list for PBXProject "test2" */;
			compatibilityVersion = "Xcode 9.3";
			developmentRegion = en;
			hasScannedForEncodings = 0;
			knownRegions = (
				en,
				Base,
			);
			mainGroup = E31C74E0225CF0190018F0E3;
			productRefGroup = E31C74EA225CF0190018F0E3 /* Products */;
			projectDirPath = "";
			projectRoot = "";
			targets = (
				E31C74E8225CF0190018F0E3 /* test2 */,
			);
		};
/* End PBXProject section */

/* Begin PBXResourcesBuildPhase section */
		E31C74E7225CF0190018F0E3 /* Resources */ = {
			isa = PBXResourcesBuildPhase;
			buildActionMask = 2147483647;
			files = (
				E31C74F9225CF01B0018F0E3 /* LaunchScreen.storyboard in Resources */,
				E31C74F6225CF01B0018F0E3 /* Assets.xcassets in Resources */,
				E31C7509225CF1220018F0E3 /* ico in Resources */,
				E31C74F4225CF01A0018F0E3 /* Main.storyboard in Resources */,
			);
			runOnlyForDeploymentPostprocessing = 0;
		};
/* End PBXResourcesBuildPhase section */

/* Begin PBXSourcesBuildPhase section */
		E31C74E5225CF0190018F0E3 /* Sources */ = {
			isa = PBXSourcesBuildPhase;
			buildActionMask = 2147483647;
			files = (
				E3B8D9E1226B612C008519D4 /* CusNavViewController.m in Sources */,
				E31C74F1225CF01A0018F0E3 /* ViewController.m in Sources */,
				E3043FDA225E291A005AAF6C /* SetPicViewController.m in Sources */,
				E351D321226373AC000C283B /* CustomButtonCollectionViewCell.m in Sources */,
				E3B8D9DB226B244E008519D4 /* SettingViewController.m in Sources */,
				E31C7507225CF0F70018F0E3 /* ButtonCollectionViewCell.m in Sources */,
				E312B02A226DF1E800AE020F /* NotificationCell.m in Sources */,
				E31C7504225CF0320018F0E3 /* SetViewController.m in Sources */,
				E31C74FC225CF01B0018F0E3 /* main.m in Sources */,
				E3B8D9D5226B2426008519D4 /* DeviceManagementViewController.m in Sources */,
				E3ED8944232FF43200B6D49C /* BlueToothSingleton.m in Sources */,
				E31C74EE225CF0190018F0E3 /* AppDelegate.m in Sources */,
				E39213D12273406300CF6687 /* StyleCell.m in Sources */,
				E3043FD7225E1875005AAF6C /* SetCollectionViewCell.m in Sources */,
				E3B8D9D2226B2400008519D4 /* PanelsViewController.m in Sources */,
				E312B030226DFEF900AE020F /* NotificationCell2.m in Sources */,
				E3E741A2226635B2007BF166 /* SelectPicCell.m in Sources */,
				E3B8D9D8226B2433008519D4 /* AboutViewController.m in Sources */,
				E3B8D9DE226B2BC3008519D4 /* DeviceManagementCell.m in Sources */,
				E39FAB202260CC6F007EE26A /* SelectPicViewController.m in Sources */,
				E312B033226DFF4500AE020F /* NotificationCell3.m in Sources */,
			);
			runOnlyForDeploymentPostprocessing = 0;
		};
/* End PBXSourcesBuildPhase section */

/* Begin PBXVariantGroup section */
		E31C74F2225CF01A0018F0E3 /* Main.storyboard */ = {
			isa = PBXVariantGroup;
			children = (
				E31C74F3225CF01A0018F0E3 /* Base */,
			);
			name = Main.storyboard;
			sourceTree = "<group>";
		};
		E31C74F7225CF01B0018F0E3 /* LaunchScreen.storyboard */ = {
			isa = PBXVariantGroup;
			children = (
				E31C74F8225CF01B0018F0E3 /* Base */,
			);
			name = LaunchScreen.storyboard;
			sourceTree = "<group>";
		};
/* End PBXVariantGroup section */

/* Begin XCBuildConfiguration section */
		E31C74FD225CF01B0018F0E3 /* Debug */ = {
			isa = XCBuildConfiguration;
			buildSettings = {
				ALWAYS_SEARCH_USER_PATHS = NO;
				CLANG_ANALYZER_NONNULL = YES;
				CLANG_ANALYZER_NUMBER_OBJECT_CONVERSION = YES_AGGRESSIVE;
				CLANG_CXX_LANGUAGE_STANDARD = "gnu++14";
				CLANG_CXX_LIBRARY = "libc++";
				CLANG_ENABLE_MODULES = YES;
				CLANG_ENABLE_OBJC_ARC = YES;
				CLANG_ENABLE_OBJC_WEAK = YES;
				CLANG_WARN_BLOCK_CAPTURE_AUTORELEASING = YES;
				CLANG_WARN_BOOL_CONVERSION = YES;
				CLANG_WARN_COMMA = YES;
				CLANG_WARN_CONSTANT_CONVERSION = YES;
				CLANG_WARN_DEPRECATED_OBJC_IMPLEMENTATIONS = YES;
				CLANG_WARN_DIRECT_OBJC_ISA_USAGE = YES_ERROR;
				CLANG_WARN_DOCUMENTATION_COMMENTS = YES;
				CLANG_WARN_EMPTY_BODY = YES;
				CLANG_WARN_ENUM_CONVERSION = YES;
				CLANG_WARN_INFINITE_RECURSION = YES;
				CLANG_WARN_INT_CONVERSION = YES;
				CLANG_WARN_NON_LITERAL_NULL_CONVERSION = YES;
				CLANG_WARN_OBJC_IMPLICIT_RETAIN_SELF = YES;
				CLANG_WARN_OBJC_LITERAL_CONVERSION = YES;
				CLANG_WARN_OBJC_ROOT_CLASS = YES_ERROR;
				CLANG_WARN_RANGE_LOOP_ANALYSIS = YES;
				CLANG_WARN_STRICT_PROTOTYPES = YES;
				CLANG_WARN_SUSPICIOUS_MOVE = YES;
				CLANG_WARN_UNGUARDED_AVAILABILITY = YES_AGGRESSIVE;
				CLANG_WARN_UNREACHABLE_CODE = YES;
				CLANG_WARN__DUPLICATE_METHOD_MATCH = YES;
				CODE_SIGN_IDENTITY = "iPhone Developer";
				COPY_PHASE_STRIP = NO;
				DEBUG_INFORMATION_FORMAT = dwarf;
				ENABLE_STRICT_OBJC_MSGSEND = YES;
				ENABLE_TESTABILITY = YES;
				GCC_C_LANGUAGE_STANDARD = gnu11;
				GCC_DYNAMIC_NO_PIC = NO;
				GCC_NO_COMMON_BLOCKS = YES;
				GCC_OPTIMIZATION_LEVEL = 0;
				GCC_PREPROCESSOR_DEFINITIONS = (
					"DEBUG=1",
					"$(inherited)",
				);
				GCC_WARN_64_TO_32_BIT_CONVERSION = YES;
				GCC_WARN_ABOUT_RETURN_TYPE = YES_ERROR;
				GCC_WARN_UNDECLARED_SELECTOR = YES;
				GCC_WARN_UNINITIALIZED_AUTOS = YES_AGGRESSIVE;
				GCC_WARN_UNUSED_FUNCTION = YES;
				GCC_WARN_UNUSED_VARIABLE = YES;
				IPHONEOS_DEPLOYMENT_TARGET = 12.1;
				MTL_ENABLE_DEBUG_INFO = INCLUDE_SOURCE;
				MTL_FAST_MATH = YES;
				ONLY_ACTIVE_ARCH = YES;
				SDKROOT = iphoneos;
			};
			name = Debug;
		};
		E31C74FE225CF01B0018F0E3 /* Release */ = {
			isa = XCBuildConfiguration;
			buildSettings = {
				ALWAYS_SEARCH_USER_PATHS = NO;
				CLANG_ANALYZER_NONNULL = YES;
				CLANG_ANALYZER_NUMBER_OBJECT_CONVERSION = YES_AGGRESSIVE;
				CLANG_CXX_LANGUAGE_STANDARD = "gnu++14";
				CLANG_CXX_LIBRARY = "libc++";
				CLANG_ENABLE_MODULES = YES;
				CLANG_ENABLE_OBJC_ARC = YES;
				CLANG_ENABLE_OBJC_WEAK = YES;
				CLANG_WARN_BLOCK_CAPTURE_AUTORELEASING = YES;
				CLANG_WARN_BOOL_CONVERSION = YES;
				CLANG_WARN_COMMA = YES;
				CLANG_WARN_CONSTANT_CONVERSION = YES;
				CLANG_WARN_DEPRECATED_OBJC_IMPLEMENTATIONS = YES;
				CLANG_WARN_DIRECT_OBJC_ISA_USAGE = YES_ERROR;
				CLANG_WARN_DOCUMENTATION_COMMENTS = YES;
				CLANG_WARN_EMPTY_BODY = YES;
				CLANG_WARN_ENUM_CONVERSION = YES;
				CLANG_WARN_INFINITE_RECURSION = YES;
				CLANG_WARN_INT_CONVERSION = YES;
				CLANG_WARN_NON_LITERAL_NULL_CONVERSION = YES;
				CLANG_WARN_OBJC_IMPLICIT_RETAIN_SELF = YES;
				CLANG_WARN_OBJC_LITERAL_CONVERSION = YES;
				CLANG_WARN_OBJC_ROOT_CLASS = YES_ERROR;
				CLANG_WARN_RANGE_LOOP_ANALYSIS = YES;
				CLANG_WARN_STRICT_PROTOTYPES = YES;
				CLANG_WARN_SUSPICIOUS_MOVE = YES;
				CLANG_WARN_UNGUARDED_AVAILABILITY = YES_AGGRESSIVE;
				CLANG_WARN_UNREACHABLE_CODE = YES;
				CLANG_WARN__DUPLICATE_METHOD_MATCH = YES;
				CODE_SIGN_IDENTITY = "iPhone Developer";
				COPY_PHASE_STRIP = NO;
				DEBUG_INFORMATION_FORMAT = "dwarf-with-dsym";
				ENABLE_NS_ASSERTIONS = NO;
				ENABLE_STRICT_OBJC_MSGSEND = YES;
				GCC_C_LANGUAGE_STANDARD = gnu11;
				GCC_NO_COMMON_BLOCKS = YES;
				GCC_WARN_64_TO_32_BIT_CONVERSION = YES;
				GCC_WARN_ABOUT_RETURN_TYPE = YES_ERROR;
				GCC_WARN_UNDECLARED_SELECTOR = YES;
				GCC_WARN_UNINITIALIZED_AUTOS = YES_AGGRESSIVE;
				GCC_WARN_UNUSED_FUNCTION = YES;
				GCC_WARN_UNUSED_VARIABLE = YES;
				IPHONEOS_DEPLOYMENT_TARGET = 12.1;
				MTL_ENABLE_DEBUG_INFO = NO;
				MTL_FAST_MATH = YES;
				SDKROOT = iphoneos;
				VALIDATE_PRODUCT = YES;
			};
			name = Release;
		};
		E31C7500225CF01B0018F0E3 /* Debug */ = {
			isa = XCBuildConfiguration;
			buildSettings = {
				ASSETCATALOG_COMPILER_APPICON_NAME = AppIcon;
				CODE_SIGN_STYLE = Automatic;
				DEVELOPMENT_TEAM = ZB9D382W7K;
				INFOPLIST_FILE = test2/Info.plist;
				IPHONEOS_DEPLOYMENT_TARGET = 11.0;
				LD_RUNPATH_SEARCH_PATHS = (
					"$(inherited)",
					"@executable_path/Frameworks",
				);
				NEW_SETTING = "";
				PRODUCT_BUNDLE_IDENTIFIER = yxc.test2;
				PRODUCT_NAME = "$(TARGET_NAME)";
				TARGETED_DEVICE_FAMILY = "1,2";
			};
			name = Debug;
		};
		E31C7501225CF01B0018F0E3 /* Release */ = {
			isa = XCBuildConfiguration;
			buildSettings = {
				ASSETCATALOG_COMPILER_APPICON_NAME = AppIcon;
				CODE_SIGN_STYLE = Automatic;
				DEVELOPMENT_TEAM = ZB9D382W7K;
				INFOPLIST_FILE = test2/Info.plist;
				IPHONEOS_DEPLOYMENT_TARGET = 11.0;
				LD_RUNPATH_SEARCH_PATHS = (
					"$(inherited)",
					"@executable_path/Frameworks",
				);
				NEW_SETTING = "";
				PRODUCT_BUNDLE_IDENTIFIER = yxc.test2;
				PRODUCT_NAME = "$(TARGET_NAME)";
				TARGETED_DEVICE_FAMILY = "1,2";
			};
			name = Release;
		};
/* End XCBuildConfiguration section */

/* Begin XCConfigurationList section */
		E31C74E4225CF0190018F0E3 /* Build configuration list for PBXProject "test2" */ = {
			isa = XCConfigurationList;
			buildConfigurations = (
				E31C74FD225CF01B0018F0E3 /* Debug */,
				E31C74FE225CF01B0018F0E3 /* Release */,
			);
			defaultConfigurationIsVisible = 0;
			defaultConfigurationName = Release;
		};
		E31C74FF225CF01B0018F0E3 /* Build configuration list for PBXNativeTarget "test2" */ = {
			isa = XCConfigurationList;
			buildConfigurations = (
				E31C7500225CF01B0018F0E3 /* Debug */,
				E31C7501225CF01B0018F0E3 /* Release */,
			);
			defaultConfigurationIsVisible = 0;
			defaultConfigurationName = Release;
		};
/* End XCConfigurationList section */
	};
	rootObject = E31C74E1225CF0190018F0E3 /* Project object */;
}
